
Microsoft Visual Studio Solution File, Format Version 12.00
# Visual Studio Version 17
VisualStudioVersion = 17.4.33205.214
MinimumVisualStudioVersion = 10.0.40219.1
Project("{2150E333-8FDC-42A3-9474-1A3956D46DE8}") = "src", "src", "{DEF3A053-1172-4566-BE3E-9FA3A2602113}"
EndProject
Project("{9A19103F-16F7-4668-BE54-9A1E7A4F7556}") = "VotingApp.API", "src\VotingApp.API\VotingApp.API.csproj", "{0999B92E-1320-4F61-9DB7-D121563351BD}"
EndProject
Project("{9A19103F-16F7-4668-BE54-9A1E7A4F7556}") = "VotingApp.Application", "src\VotingApp.Application\VotingApp.Application.csproj", "{B6AA7AB3-2918-4791-98E1-DDC6F5A885B4}"
EndProject
Project("{9A19103F-16F7-4668-BE54-9A1E7A4F7556}") = "VotingApp.Domain", "src\VotingApp.Domain\VotingApp.Domain.csproj", "{2A135E7E-0F94-46BF-9C32-8B13687FE3D9}"
EndProject
Project("{9A19103F-16F7-4668-BE54-9A1E7A4F7556}") = "VotingApp.Infrastructure", "src\VotingApp.Infrastructure\VotingApp.Infrastructure.csproj", "{82EAC0D7-35E8-48EC-BFE4-E79B5ED0D563}"
EndProject
Global
	GlobalSection(SolutionConfigurationPlatforms) = preSolution
		Debug|Any CPU = Debug|Any CPU
		Release|Any CPU = Release|Any CPU
	EndGlobalSection
	GlobalSection(ProjectConfigurationPlatforms) = postSolution
		{0999B92E-1320-4F61-9DB7-D121563351BD}.Debug|Any CPU.ActiveCfg = Debug|Any CPU
		{0999B92E-1320-4F61-9DB7-D121563351BD}.Debug|Any CPU.Build.0 = Debug|Any CPU
		{0999B92E-1320-4F61-9DB7-D121563351BD}.Release|Any CPU.ActiveCfg = Release|Any CPU
		{0999B92E-1320-4F61-9DB7-D121563351BD}.Release|Any CPU.Build.0 = Release|Any CPU
		{B6AA7AB3-2918-4791-98E1-DDC6F5A885B4}.Debug|Any CPU.ActiveCfg = Debug|Any CPU
		{B6AA7AB3-2918-4791-98E1-DDC6F5A885B4}.Debug|Any CPU.Build.0 = Debug|Any CPU
		{B6AA7AB3-2918-4791-98E1-DDC6F5A885B4}.Release|Any CPU.ActiveCfg = Release|Any CPU
		{B6AA7AB3-2918-4791-98E1-DDC6F5A885B4}.Release|Any CPU.Build.0 = Release|Any CPU
		{2A135E7E-0F94-46BF-9C32-8B13687FE3D9}.Debug|Any CPU.ActiveCfg = Debug|Any CPU
		{2A135E7E-0F94-46BF-9C32-8B13687FE3D9}.Debug|Any CPU.Build.0 = Debug|Any CPU
		{2A135E7E-0F94-46BF-9C32-8B13687FE3D9}.Release|Any CPU.ActiveCfg = Release|Any CPU
		{2A135E7E-0F94-46BF-9C32-8B13687FE3D9}.Release|Any CPU.Build.0 = Release|Any CPU
		{82EAC0D7-35E8-48EC-BFE4-E79B5ED0D563}.Debug|Any CPU.ActiveCfg = Debug|Any CPU
		{82EAC0D7-35E8-48EC-BFE4-E79B5ED0D563}.Debug|Any CPU.Build.0 = Debug|Any CPU
		{82EAC0D7-35E8-48EC-BFE4-E79B5ED0D563}.Release|Any CPU.ActiveCfg = Release|Any CPU
		{82EAC0D7-35E8-48EC-BFE4-E79B5ED0D563}.Release|Any CPU.Build.0 = Release|Any CPU
	EndGlobalSection
	GlobalSection(SolutionProperties) = preSolution
		HideSolutionNode = FALSE
	EndGlobalSection
	GlobalSection(NestedProjects) = preSolution
		{0999B92E-1320-4F61-9DB7-D121563351BD} = {DEF3A053-1172-4566-BE3E-9FA3A2602113}
		{B6AA7AB3-2918-4791-98E1-DDC6F5A885B4} = {DEF3A053-1172-4566-BE3E-9FA3A2602113}
		{2A135E7E-0F94-46BF-9C32-8B13687FE3D9} = {DEF3A053-1172-4566-BE3E-9FA3A2602113}
		{82EAC0D7-35E8-48EC-BFE4-E79B5ED0D563} = {DEF3A053-1172-4566-BE3E-9FA3A2602113}
	EndGlobalSection
	GlobalSection(ExtensibilityGlobals) = postSolution
		SolutionGuid = {98287E15-338F-4355-AAF5-6A5EB02E1FF6}
	EndGlobalSection
EndGlobal
